{
  "name": "mcp-governance-lab-filesystem-candidate",
  "lockfileVersion": 3,
  "requires": true,
  "packages": {
    "": {
      "dependencies": {
        "@modelcontextprotocol/server-filesystem": "0.6.2"
      }
    },
    "node_modules/@modelcontextprotocol/server-filesystem": {
      "version": "0.6.2"
    }
  }
}
